
Microsoft Visual Studio Solution File, Format Version 12.00
# Visual Studio Version 17
VisualStudioVersion = 17.7.34009.444
MinimumVisualStudioVersion = 10.0.40219.1
Project("{FAE04EC0-301F-11D3-BF4B-00C04F79EFBC}") = "ABMCURSOSALBARRACIN", "ABMCURSOSALBARRACIN.csproj", "{C5352344-D415-4CD2-BD04-26365F580D38}"
EndProject
Global
	GlobalSection(SolutionConfigurationPlatforms) = preSolution
		Debug|Any CPU = Debug|Any CPU
		Release|Any CPU = Release|Any CPU
	EndGlobalSection
	GlobalSection(ProjectConfigurationPlatforms) = postSolution
		{C5352344-D415-4CD2-BD04-26365F580D38}.Debug|Any CPU.ActiveCfg = Debug|Any CPU
		{C5352344-D415-4CD2-BD04-26365F580D38}.Debug|Any CPU.Build.0 = Debug|Any CPU
		{C5352344-D415-4CD2-BD04-26365F580D38}.Release|Any CPU.ActiveCfg = Release|Any CPU
		{C5352344-D415-4CD2-BD04-26365F580D38}.Release|Any CPU.Build.0 = Release|Any CPU
	EndGlobalSection
	GlobalSection(SolutionProperties) = preSolution
		HideSolutionNode = FALSE
	EndGlobalSection
	GlobalSection(ExtensibilityGlobals) = postSolution
		SolutionGuid = {68DBF7E4-424B-456E-BC63-187054321B41}
	EndGlobalSection
EndGlobal
